
Microsoft Visual Studio Solution File, Format Version 12.00
# Visual Studio Version 16
VisualStudioVersion = 16.0.31205.134
MinimumVisualStudioVersion = 10.0.40219.1
Project("{FAE04EC0-301F-11D3-BF4B-00C04F79EFBC}") = "TrackerLibrary", "TrackerLibrary\TrackerLibrary.csproj", "{1C67144B-FCAE-4B5F-AA11-FFF0E0C74DDD}"
EndProject
Project("{FAE04EC0-301F-11D3-BF4B-00C04F79EFBC}") = "TrackerUI", "TrackerUI\TrackerUI.csproj", "{003B4DF6-64D0-4398-82FC-F1179147C0D5}"
EndProject
Global
	GlobalSection(SolutionConfigurationPlatforms) = preSolution
		Debug|Any CPU = Debug|Any CPU
		Release|Any CPU = Release|Any CPU
	EndGlobalSection
	GlobalSection(ProjectConfigurationPlatforms) = postSolution
		{1C67144B-FCAE-4B5F-AA11-FFF0E0C74DDD}.Debug|Any CPU.ActiveCfg = Debug|Any CPU
		{1C67144B-FCAE-4B5F-AA11-FFF0E0C74DDD}.Debug|Any CPU.Build.0 = Debug|Any CPU
		{1C67144B-FCAE-4B5F-AA11-FFF0E0C74DDD}.Release|Any CPU.ActiveCfg = Release|Any CPU
		{1C67144B-FCAE-4B5F-AA11-FFF0E0C74DDD}.Release|Any CPU.Build.0 = Release|Any CPU
		{003B4DF6-64D0-4398-82FC-F1179147C0D5}.Debug|Any CPU.ActiveCfg = Debug|Any CPU
		{003B4DF6-64D0-4398-82FC-F1179147C0D5}.Debug|Any CPU.Build.0 = Debug|Any CPU
		{003B4DF6-64D0-4398-82FC-F1179147C0D5}.Release|Any CPU.ActiveCfg = Release|Any CPU
		{003B4DF6-64D0-4398-82FC-F1179147C0D5}.Release|Any CPU.Build.0 = Release|Any CPU
	EndGlobalSection
	GlobalSection(SolutionProperties) = preSolution
		HideSolutionNode = FALSE
	EndGlobalSection
	GlobalSection(ExtensibilityGlobals) = postSolution
		SolutionGuid = {C662B06F-4546-4920-BBFC-95241A42468A}
	EndGlobalSection
EndGlobal
